
Microsoft Visual Studio Solution File, Format Version 12.00
# Visual Studio Version 16
VisualStudioVersion = 16.0.33927.289
MinimumVisualStudioVersion = 10.0.40219.1
Project("{FAE04EC0-301F-11D3-BF4B-00C04F79EFBC}") = "PresentationLayer", "PresentationLayer.csproj", "{EEAC81CB-1B9F-44F6-B888-B75CB8D9D189}"
EndProject
Project("{FAE04EC0-301F-11D3-BF4B-00C04F79EFBC}") = "BusinessLayer", "..\BusinessLayer\BusinessLayer.csproj", "{088F4358-CB5B-4BDA-BACF-1E48DD8805A7}"
EndProject
Project("{FAE04EC0-301F-11D3-BF4B-00C04F79EFBC}") = "DataLayer", "..\DataLayer\DataLayer.csproj", "{AB8B57D9-6DE6-46CF-AA2C-A1598696E4AA}"
EndProject
Project("{FAE04EC0-301F-11D3-BF4B-00C04F79EFBC}") = "Shared", "..\Shared\Shared.csproj", "{D4763839-AA99-4135-9547-855247E747C8}"
EndProject
Project("{FAE04EC0-301F-11D3-BF4B-00C04F79EFBC}") = "DTOs", "..\DTOs\DTOs.csproj", "{E29777A9-B43B-4AA3-873B-E3E903F96115}"
EndProject
Global
	GlobalSection(SolutionConfigurationPlatforms) = preSolution
		Debug|Any CPU = Debug|Any CPU
		Release|Any CPU = Release|Any CPU
	EndGlobalSection
	GlobalSection(ProjectConfigurationPlatforms) = postSolution
		{EEAC81CB-1B9F-44F6-B888-B75CB8D9D189}.Debug|Any CPU.ActiveCfg = Debug|Any CPU
		{EEAC81CB-1B9F-44F6-B888-B75CB8D9D189}.Debug|Any CPU.Build.0 = Debug|Any CPU
		{EEAC81CB-1B9F-44F6-B888-B75CB8D9D189}.Release|Any CPU.ActiveCfg = Release|Any CPU
		{EEAC81CB-1B9F-44F6-B888-B75CB8D9D189}.Release|Any CPU.Build.0 = Release|Any CPU
		{088F4358-CB5B-4BDA-BACF-1E48DD8805A7}.Debug|Any CPU.ActiveCfg = Debug|Any CPU
		{088F4358-CB5B-4BDA-BACF-1E48DD8805A7}.Debug|Any CPU.Build.0 = Debug|Any CPU
		{088F4358-CB5B-4BDA-BACF-1E48DD8805A7}.Release|Any CPU.ActiveCfg = Release|Any CPU
		{088F4358-CB5B-4BDA-BACF-1E48DD8805A7}.Release|Any CPU.Build.0 = Release|Any CPU
		{AB8B57D9-6DE6-46CF-AA2C-A1598696E4AA}.Debug|Any CPU.ActiveCfg = Debug|Any CPU
		{AB8B57D9-6DE6-46CF-AA2C-A1598696E4AA}.Debug|Any CPU.Build.0 = Debug|Any CPU
		{AB8B57D9-6DE6-46CF-AA2C-A1598696E4AA}.Release|Any CPU.ActiveCfg = Release|Any CPU
		{AB8B57D9-6DE6-46CF-AA2C-A1598696E4AA}.Release|Any CPU.Build.0 = Release|Any CPU
		{D4763839-AA99-4135-9547-855247E747C8}.Debug|Any CPU.ActiveCfg = Debug|Any CPU
		{D4763839-AA99-4135-9547-855247E747C8}.Debug|Any CPU.Build.0 = Debug|Any CPU
		{D4763839-AA99-4135-9547-855247E747C8}.Release|Any CPU.ActiveCfg = Release|Any CPU
		{D4763839-AA99-4135-9547-855247E747C8}.Release|Any CPU.Build.0 = Release|Any CPU
		{E29777A9-B43B-4AA3-873B-E3E903F96115}.Debug|Any CPU.ActiveCfg = Debug|Any CPU
		{E29777A9-B43B-4AA3-873B-E3E903F96115}.Debug|Any CPU.Build.0 = Debug|Any CPU
		{E29777A9-B43B-4AA3-873B-E3E903F96115}.Release|Any CPU.ActiveCfg = Release|Any CPU
		{E29777A9-B43B-4AA3-873B-E3E903F96115}.Release|Any CPU.Build.0 = Release|Any CPU
	EndGlobalSection
	GlobalSection(SolutionProperties) = preSolution
		HideSolutionNode = FALSE
	EndGlobalSection
	GlobalSection(ExtensibilityGlobals) = postSolution
		SolutionGuid = {9BD8F98D-9534-4E62-B97E-75FFC6492D6E}
	EndGlobalSection
EndGlobal
